
Microsoft Visual Studio Solution File, Format Version 12.00
# Visual Studio 15
VisualStudioVersion = 15.0.27703.2042
MinimumVisualStudioVersion = 10.0.40219.1
Project("{FAE04EC0-301F-11D3-BF4B-00C04F79EFBC}") = "PalindromeLibrary", "PalindromeLibrary\PalindromeLibrary.csproj", "{D6A8AF1E-774E-4014-95E9-8E6F3A841752}"
EndProject
Project("{FAE04EC0-301F-11D3-BF4B-00C04F79EFBC}") = "PalindromeTest", "UnitTestProject2\PalindromeTest.csproj", "{B1B23554-B5F4-4C7E-ADAE-C0D0EF246F8B}"
EndProject
Project("{FAE04EC0-301F-11D3-BF4B-00C04F79EFBC}") = "Palindrome", "ConsoleApp1\Palindrome.csproj", "{E814D937-BEBF-4292-9D35-242CED88F8E1}"
EndProject
Global
	GlobalSection(SolutionConfigurationPlatforms) = preSolution
		Debug|Any CPU = Debug|Any CPU
		Release|Any CPU = Release|Any CPU
	EndGlobalSection
	GlobalSection(ProjectConfigurationPlatforms) = postSolution
		{D6A8AF1E-774E-4014-95E9-8E6F3A841752}.Debug|Any CPU.ActiveCfg = Debug|Any CPU
		{D6A8AF1E-774E-4014-95E9-8E6F3A841752}.Debug|Any CPU.Build.0 = Debug|Any CPU
		{D6A8AF1E-774E-4014-95E9-8E6F3A841752}.Release|Any CPU.ActiveCfg = Release|Any CPU
		{D6A8AF1E-774E-4014-95E9-8E6F3A841752}.Release|Any CPU.Build.0 = Release|Any CPU
		{B1B23554-B5F4-4C7E-ADAE-C0D0EF246F8B}.Debug|Any CPU.ActiveCfg = Debug|Any CPU
		{B1B23554-B5F4-4C7E-ADAE-C0D0EF246F8B}.Debug|Any CPU.Build.0 = Debug|Any CPU
		{B1B23554-B5F4-4C7E-ADAE-C0D0EF246F8B}.Release|Any CPU.ActiveCfg = Release|Any CPU
		{B1B23554-B5F4-4C7E-ADAE-C0D0EF246F8B}.Release|Any CPU.Build.0 = Release|Any CPU
		{E814D937-BEBF-4292-9D35-242CED88F8E1}.Debug|Any CPU.ActiveCfg = Debug|Any CPU
		{E814D937-BEBF-4292-9D35-242CED88F8E1}.Debug|Any CPU.Build.0 = Debug|Any CPU
		{E814D937-BEBF-4292-9D35-242CED88F8E1}.Release|Any CPU.ActiveCfg = Release|Any CPU
		{E814D937-BEBF-4292-9D35-242CED88F8E1}.Release|Any CPU.Build.0 = Release|Any CPU
	EndGlobalSection
	GlobalSection(SolutionProperties) = preSolution
		HideSolutionNode = FALSE
	EndGlobalSection
	GlobalSection(ExtensibilityGlobals) = postSolution
		SolutionGuid = {EB23B3D7-A7B4-4FCD-8EF3-37CA58311BB0}
	EndGlobalSection
EndGlobal
